
Microsoft Visual Studio Solution File, Format Version 12.00
# Visual Studio Version 17
VisualStudioVersion = 17.7.34024.191
MinimumVisualStudioVersion = 10.0.40219.1
Project("{9A19103F-16F7-4668-BE54-9A1E7A4F7556}") = "Task_1", "Task_1\Task_1.csproj", "{61EB5C69-82D6-45C6-BAB4-A135BB8F7D0F}"
EndProject
Project("{9A19103F-16F7-4668-BE54-9A1E7A4F7556}") = "Task_2", "Task_2\Task_2.csproj", "{043CFEA0-EBD0-4DCA-A52F-3D7F1CE5CF10}"
EndProject
Project("{9A19103F-16F7-4668-BE54-9A1E7A4F7556}") = "Task_3", "Task_3\Task_3.csproj", "{FA1B76A3-4D4F-4583-8780-62BDF5DDB6CE}"
EndProject
Project("{9A19103F-16F7-4668-BE54-9A1E7A4F7556}") = "Task_4", "Task_4\Task_4.csproj", "{3C5CF592-DFC7-46D2-B096-1C7A20925DCD}"
EndProject
Project("{9A19103F-16F7-4668-BE54-9A1E7A4F7556}") = "Task_5", "Task_5\Task_5.csproj", "{95AADA22-0D8C-43C8-AF9B-616A5DC5EF1E}"
EndProject
Project("{FAE04EC0-301F-11D3-BF4B-00C04F79EFBC}") = "Task_6", "Task_6\Task_6.csproj", "{B07745A6-A822-4C71-B66C-5269BEC62D6E}"
EndProject
Project("{FAE04EC0-301F-11D3-BF4B-00C04F79EFBC}") = "Task_7", "Task_7\Task_7.csproj", "{8C9C23DC-9468-4AE2-ACAA-E983E0310CD1}"
EndProject
Project("{FAE04EC0-301F-11D3-BF4B-00C04F79EFBC}") = "Task_8", "Task_8\Task_8.csproj", "{0AF248B3-BEC6-468C-98DF-C2BED62455C1}"
EndProject
Project("{FAE04EC0-301F-11D3-BF4B-00C04F79EFBC}") = "Task_9", "Task_9\Task_9.csproj", "{4710BD5D-4932-4810-A675-10EF2769EBA4}"
EndProject
Project("{FAE04EC0-301F-11D3-BF4B-00C04F79EFBC}") = "Task_10", "Task_10\Task_10.csproj", "{4D580383-0D4F-4E7B-8C0B-14C236F1025C}"
EndProject
Global
	GlobalSection(SolutionConfigurationPlatforms) = preSolution
		Debug|Any CPU = Debug|Any CPU
		Release|Any CPU = Release|Any CPU
	EndGlobalSection
	GlobalSection(ProjectConfigurationPlatforms) = postSolution
		{61EB5C69-82D6-45C6-BAB4-A135BB8F7D0F}.Debug|Any CPU.ActiveCfg = Debug|Any CPU
		{61EB5C69-82D6-45C6-BAB4-A135BB8F7D0F}.Debug|Any CPU.Build.0 = Debug|Any CPU
		{61EB5C69-82D6-45C6-BAB4-A135BB8F7D0F}.Release|Any CPU.ActiveCfg = Release|Any CPU
		{61EB5C69-82D6-45C6-BAB4-A135BB8F7D0F}.Release|Any CPU.Build.0 = Release|Any CPU
		{043CFEA0-EBD0-4DCA-A52F-3D7F1CE5CF10}.Debug|Any CPU.ActiveCfg = Debug|Any CPU
		{043CFEA0-EBD0-4DCA-A52F-3D7F1CE5CF10}.Debug|Any CPU.Build.0 = Debug|Any CPU
		{043CFEA0-EBD0-4DCA-A52F-3D7F1CE5CF10}.Release|Any CPU.ActiveCfg = Release|Any CPU
		{043CFEA0-EBD0-4DCA-A52F-3D7F1CE5CF10}.Release|Any CPU.Build.0 = Release|Any CPU
		{FA1B76A3-4D4F-4583-8780-62BDF5DDB6CE}.Debug|Any CPU.ActiveCfg = Debug|Any CPU
		{FA1B76A3-4D4F-4583-8780-62BDF5DDB6CE}.Debug|Any CPU.Build.0 = Debug|Any CPU
		{FA1B76A3-4D4F-4583-8780-62BDF5DDB6CE}.Release|Any CPU.ActiveCfg = Release|Any CPU
		{FA1B76A3-4D4F-4583-8780-62BDF5DDB6CE}.Release|Any CPU.Build.0 = Release|Any CPU
		{3C5CF592-DFC7-46D2-B096-1C7A20925DCD}.Debug|Any CPU.ActiveCfg = Debug|Any CPU
		{3C5CF592-DFC7-46D2-B096-1C7A20925DCD}.Debug|Any CPU.Build.0 = Debug|Any CPU
		{3C5CF592-DFC7-46D2-B096-1C7A20925DCD}.Release|Any CPU.ActiveCfg = Release|Any CPU
		{3C5CF592-DFC7-46D2-B096-1C7A20925DCD}.Release|Any CPU.Build.0 = Release|Any CPU
		{95AADA22-0D8C-43C8-AF9B-616A5DC5EF1E}.Debug|Any CPU.ActiveCfg = Debug|Any CPU
		{95AADA22-0D8C-43C8-AF9B-616A5DC5EF1E}.Debug|Any CPU.Build.0 = Debug|Any CPU
		{95AADA22-0D8C-43C8-AF9B-616A5DC5EF1E}.Release|Any CPU.ActiveCfg = Release|Any CPU
		{95AADA22-0D8C-43C8-AF9B-616A5DC5EF1E}.Release|Any CPU.Build.0 = Release|Any CPU
		{B07745A6-A822-4C71-B66C-5269BEC62D6E}.Debug|Any CPU.ActiveCfg = Debug|Any CPU
		{B07745A6-A822-4C71-B66C-5269BEC62D6E}.Debug|Any CPU.Build.0 = Debug|Any CPU
		{B07745A6-A822-4C71-B66C-5269BEC62D6E}.Release|Any CPU.ActiveCfg = Release|Any CPU
		{B07745A6-A822-4C71-B66C-5269BEC62D6E}.Release|Any CPU.Build.0 = Release|Any CPU
		{8C9C23DC-9468-4AE2-ACAA-E983E0310CD1}.Debug|Any CPU.ActiveCfg = Debug|Any CPU
		{8C9C23DC-9468-4AE2-ACAA-E983E0310CD1}.Debug|Any CPU.Build.0 = Debug|Any CPU
		{8C9C23DC-9468-4AE2-ACAA-E983E0310CD1}.Release|Any CPU.ActiveCfg = Release|Any CPU
		{8C9C23DC-9468-4AE2-ACAA-E983E0310CD1}.Release|Any CPU.Build.0 = Release|Any CPU
		{0AF248B3-BEC6-468C-98DF-C2BED62455C1}.Debug|Any CPU.ActiveCfg = Debug|Any CPU
		{0AF248B3-BEC6-468C-98DF-C2BED62455C1}.Debug|Any CPU.Build.0 = Debug|Any CPU
		{0AF248B3-BEC6-468C-98DF-C2BED62455C1}.Release|Any CPU.ActiveCfg = Release|Any CPU
		{0AF248B3-BEC6-468C-98DF-C2BED62455C1}.Release|Any CPU.Build.0 = Release|Any CPU
		{4710BD5D-4932-4810-A675-10EF2769EBA4}.Debug|Any CPU.ActiveCfg = Debug|Any CPU
		{4710BD5D-4932-4810-A675-10EF2769EBA4}.Debug|Any CPU.Build.0 = Debug|Any CPU
		{4710BD5D-4932-4810-A675-10EF2769EBA4}.Release|Any CPU.ActiveCfg = Release|Any CPU
		{4710BD5D-4932-4810-A675-10EF2769EBA4}.Release|Any CPU.Build.0 = Release|Any CPU
		{4D580383-0D4F-4E7B-8C0B-14C236F1025C}.Debug|Any CPU.ActiveCfg = Debug|Any CPU
		{4D580383-0D4F-4E7B-8C0B-14C236F1025C}.Debug|Any CPU.Build.0 = Debug|Any CPU
		{4D580383-0D4F-4E7B-8C0B-14C236F1025C}.Release|Any CPU.ActiveCfg = Release|Any CPU
		{4D580383-0D4F-4E7B-8C0B-14C236F1025C}.Release|Any CPU.Build.0 = Release|Any CPU
	EndGlobalSection
	GlobalSection(SolutionProperties) = preSolution
		HideSolutionNode = FALSE
	EndGlobalSection
	GlobalSection(ExtensibilityGlobals) = postSolution
		SolutionGuid = {A70DCD02-B0BA-4192-8C67-E49F9FF67149}
	EndGlobalSection
EndGlobal
